// !$*UTF8*$!
{
	archiveVersion = 1;
	classes = {
	};
	objectVersion = 48;
	objects = {

/* Begin PBXBuildFile section */
		0416E0D020503BC800CF1041 /* CassiniVC.swift in Sources */ = {isa = PBXBuildFile; fileRef = 0416E0CF20503BC800CF1041 /* CassiniVC.swift */; };
		0416E0D220503DCF00CF1041 /* DemoURLs.swift in Sources */ = {isa = PBXBuildFile; fileRef = 0416E0D120503DCF00CF1041 /* DemoURLs.swift */; };
		048DCA5B204C6C940041693A /* AppDelegate.swift in Sources */ = {isa = PBXBuildFile; fileRef = 048DCA5A204C6C940041693A /* AppDelegate.swift */; };
		048DCA60204C6C940041693A /* Main.storyboard in Resources */ = {isa = PBXBuildFile; fileRef = 048DCA5E204C6C940041693A /* Main.storyboard */; };
		048DCA62204C6C940041693A /* Assets.xcassets in Resources */ = {isa = PBXBuildFile; fileRef = 048DCA61204C6C940041693A /* Assets.xcassets */; };
		048DCA65204C6C940041693A /* LaunchScreen.storyboard in Resources */ = {isa = PBXBuildFile; fileRef = 048DCA63204C6C940041693A /* LaunchScreen.storyboard */; };
		048DCA6E204C6D930041693A /* ImageVC.swift in Sources */ = {isa = PBXBuildFile; fileRef = 048DCA6D204C6D930041693A /* ImageVC.swift */; };
		048DCA70204C72320041693A /* canyon.jpg in Resources */ = {isa = PBXBuildFile; fileRef = 048DCA6F204C72320041693A /* canyon.jpg */; };
/* End PBXBuildFile section */

/* Begin PBXFileReference section */
		0416E0CF20503BC800CF1041 /* CassiniVC.swift */ = {isa = PBXFileReference; lastKnownFileType = sourcecode.swift; path = CassiniVC.swift; sourceTree = "<group>"; };
		0416E0D120503DCF00CF1041 /* DemoURLs.swift */ = {isa = PBXFileReference; lastKnownFileType = sourcecode.swift; path = DemoURLs.swift; sourceTree = "<group>"; };
		048DCA57204C6C940041693A /* Cassini.app */ = {isa = PBXFileReference; explicitFileType = wrapper.application; includeInIndex = 0; path = Cassini.app; sourceTree = BUILT_PRODUCTS_DIR; };
		048DCA5A204C6C940041693A /* AppDelegate.swift */ = {isa = PBXFileReference; lastKnownFileType = sourcecode.swift; path = AppDelegate.swift; sourceTree = "<group>"; };
		048DCA5F204C6C940041693A /* Base */ = {isa = PBXFileReference; lastKnownFileType = file.storyboard; name = Base; path = Base.lproj/Main.storyboard; sourceTree = "<group>"; };
		048DCA61204C6C940041693A /* Assets.xcassets */ = {isa = PBXFileReference; lastKnownFileType = folder.assetcatalog; path = Assets.xcassets; sourceTree = "<group>"; };
		048DCA64204C6C940041693A /* Base */ = {isa = PBXFileReference; lastKnownFileType = file.storyboard; name = Base; path = Base.lproj/LaunchScreen.storyboard; sourceTree = "<group>"; };
		048DCA66204C6C940041693A /* Info.plist */ = {isa = PBXFileReference; lastKnownFileType = text.plist.xml; path = Info.plist; sourceTree = "<group>"; };
		048DCA6D204C6D930041693A /* ImageVC.swift */ = {isa = PBXFileReference; lastKnownFileType = sourcecode.swift; path = ImageVC.swift; sourceTree = "<group>"; };
		048DCA6F204C72320041693A /* canyon.jpg */ = {isa = PBXFileReference; lastKnownFileType = image.jpeg; path = canyon.jpg; sourceTree = "<group>"; };
/* End PBXFileReference section */

/* Begin PBXFrameworksBuildPhase section */
		048DCA54204C6C940041693A /* Frameworks */ = {
			isa = PBXFrameworksBuildPhase;
			buildActionMask = 2147483647;
			files = (
			);
			runOnlyForDeploymentPostprocessing = 0;
		};
/* End PBXFrameworksBuildPhase section */

/* Begin PBXGroup section */
		048DCA4E204C6C940041693A = {
			isa = PBXGroup;
			children = (
				048DCA59204C6C940041693A /* Cassini */,
				048DCA58204C6C940041693A /* Products */,
			);
			sourceTree = "<group>";
		};
		048DCA58204C6C940041693A /* Products */ = {
			isa = PBXGroup;
			children = (
				048DCA57204C6C940041693A /* Cassini.app */,
			);
			name = Products;
			sourceTree = "<group>";
		};
		048DCA59204C6C940041693A /* Cassini */ = {
			isa = PBXGroup;
			children = (
				048DCA6C204C6CFB0041693A /* Supporting Files */,
				048DCA5E204C6C940041693A /* Main.storyboard */,
				048DCA6D204C6D930041693A /* ImageVC.swift */,
				048DCA6F204C72320041693A /* canyon.jpg */,
				048DCA66204C6C940041693A /* Info.plist */,
				0416E0CF20503BC800CF1041 /* CassiniVC.swift */,
				0416E0D120503DCF00CF1041 /* DemoURLs.swift */,
			);
			path = Cassini;
			sourceTree = "<group>";
		};
		048DCA6C204C6CFB0041693A /* Supporting Files */ = {
			isa = PBXGroup;
			children = (
				048DCA63204C6C940041693A /* LaunchScreen.storyboard */,
				048DCA61204C6C940041693A /* Assets.xcassets */,
				048DCA5A204C6C940041693A /* AppDelegate.swift */,
			);
			path = "Supporting Files";
			sourceTree = "<group>";
		};
/* End PBXGroup section */

/* Begin PBXNativeTarget section */
		048DCA56204C6C940041693A /* Cassini */ = {
			isa = PBXNativeTarget;
			buildConfigurationList = 048DCA69204C6C940041693A /* Build configuration list for PBXNativeTarget "Cassini" */;
			buildPhases = (
				048DCA53204C6C940041693A /* Sources */,
				048DCA54204C6C940041693A /* Frameworks */,
				048DCA55204C6C940041693A /* Resources */,
			);
			buildRules = (
			);
			dependencies = (
			);
			name = Cassini;
			productName = Cassini;
			productReference = 048DCA57204C6C940041693A /* Cassini.app */;
			productType = "com.apple.product-type.application";
		};
/* End PBXNativeTarget section */

/* Begin PBXProject section */
		048DCA4F204C6C940041693A /* Project object */ = {
			isa = PBXProject;
			attributes = {
				LastSwiftUpdateCheck = 0900;
				LastUpgradeCheck = 0900;
				ORGANIZATIONNAME = Mac;
				TargetAttributes = {
					048DCA56204C6C940041693A = {
						CreatedOnToolsVersion = 9.0.1;
						ProvisioningStyle = Automatic;
					};
				};
			};
			buildConfigurationList = 048DCA52204C6C940041693A /* Build configuration list for PBXProject "Cassini" */;
			compatibilityVersion = "Xcode 8.0";
			developmentRegion = en;
			hasScannedForEncodings = 0;
			knownRegions = (
				en,
				Base,
			);
			mainGroup = 048DCA4E204C6C940041693A;
			productRefGroup = 048DCA58204C6C940041693A /* Products */;
			projectDirPath = "";
			projectRoot = "";
			targets = (
				048DCA56204C6C940041693A /* Cassini */,
			);
		};
/* End PBXProject section */

/* Begin PBXResourcesBuildPhase section */
		048DCA55204C6C940041693A /* Resources */ = {
			isa = PBXResourcesBuildPhase;
			buildActionMask = 2147483647;
			files = (
				048DCA65204C6C940041693A /* LaunchScreen.storyboard in Resources */,
				048DCA62204C6C940041693A /* Assets.xcassets in Resources */,
				048DCA70204C72320041693A /* canyon.jpg in Resources */,
				048DCA60204C6C940041693A /* Main.storyboard in Resources */,
			);
			runOnlyForDeploymentPostprocessing = 0;
		};
/* End PBXResourcesBuildPhase section */

/* Begin PBXSourcesBuildPhase section */
		048DCA53204C6C940041693A /* Sources */ = {
			isa = PBXSourcesBuildPhase;
			buildActionMask = 2147483647;
			files = (
				0416E0D220503DCF00CF1041 /* DemoURLs.swift in Sources */,
				0416E0D020503BC800CF1041 /* CassiniVC.swift in Sources */,
				048DCA6E204C6D930041693A /* ImageVC.swift in Sources */,
				048DCA5B204C6C940041693A /* AppDelegate.swift in Sources */,
			);
			runOnlyForDeploymentPostprocessing = 0;
		};
/* End PBXSourcesBuildPhase section */

/* Begin PBXVariantGroup section */
		048DCA5E204C6C940041693A /* Main.storyboard */ = {
			isa = PBXVariantGroup;
			children = (
				048DCA5F204C6C940041693A /* Base */,
			);
			name = Main.storyboard;
			sourceTree = "<group>";
		};
		048DCA63204C6C940041693A /* LaunchScreen.storyboard */ = {
			isa = PBXVariantGroup;
			children = (
				048DCA64204C6C940041693A /* Base */,
			);
			name = LaunchScreen.storyboard;
			sourceTree = "<group>";
		};
/* End PBXVariantGroup section */

/* Begin XCBuildConfiguration section */
		048DCA67204C6C940041693A /* Debug */ = {
			isa = XCBuildConfiguration;
			buildSettings = {
				ALWAYS_SEARCH_USER_PATHS = NO;
				CLANG_ANALYZER_NONNULL = YES;
				CLANG_ANALYZER_NUMBER_OBJECT_CONVERSION = YES_AGGRESSIVE;
				CLANG_CXX_LANGUAGE_STANDARD = "gnu++14";
				CLANG_CXX_LIBRARY = "libc++";
				CLANG_ENABLE_MODULES = YES;
				CLANG_ENABLE_OBJC_ARC = YES;
				CLANG_WARN_BLOCK_CAPTURE_AUTORELEASING = YES;
				CLANG_WARN_BOOL_CONVERSION = YES;
				CLANG_WARN_COMMA = YES;
				CLANG_WARN_CONSTANT_CONVERSION = YES;
				CLANG_WARN_DIRECT_OBJC_ISA_USAGE = YES_ERROR;
				CLANG_WARN_DOCUMENTATION_COMMENTS = YES;
				CLANG_WARN_EMPTY_BODY = YES;
				CLANG_WARN_ENUM_CONVERSION = YES;
				CLANG_WARN_INFINITE_RECURSION = YES;
				CLANG_WARN_INT_CONVERSION = YES;
				CLANG_WARN_NON_LITERAL_NULL_CONVERSION = YES;
				CLANG_WARN_OBJC_LITERAL_CONVERSION = YES;
				CLANG_WARN_OBJC_ROOT_CLASS = YES_ERROR;
				CLANG_WARN_RANGE_LOOP_ANALYSIS = YES;
				CLANG_WARN_STRICT_PROTOTYPES = YES;
				CLANG_WARN_SUSPICIOUS_MOVE = YES;
				CLANG_WARN_UNGUARDED_AVAILABILITY = YES_AGGRESSIVE;
				CLANG_WARN_UNREACHABLE_CODE = YES;
				CLANG_WARN__DUPLICATE_METHOD_MATCH = YES;
				CODE_SIGN_IDENTITY = "iPhone Developer";
				COPY_PHASE_STRIP = NO;
				DEBUG_INFORMATION_FORMAT = dwarf;
				ENABLE_STRICT_OBJC_MSGSEND = YES;
				ENABLE_TESTABILITY = YES;
				GCC_C_LANGUAGE_STANDARD = gnu11;
				GCC_DYNAMIC_NO_PIC = NO;
				GCC_NO_COMMON_BLOCKS = YES;
				GCC_OPTIMIZATION_LEVEL = 0;
				GCC_PREPROCESSOR_DEFINITIONS = (
					"DEBUG=1",
					"$(inherited)",
				);
				GCC_WARN_64_TO_32_BIT_CONVERSION = YES;
				GCC_WARN_ABOUT_RETURN_TYPE = YES_ERROR;
				GCC_WARN_UNDECLARED_SELECTOR = YES;
				GCC_WARN_UNINITIALIZED_AUTOS = YES_AGGRESSIVE;
				GCC_WARN_UNUSED_FUNCTION = YES;
				GCC_WARN_UNUSED_VARIABLE = YES;
				IPHONEOS_DEPLOYMENT_TARGET = 11.0;
				MTL_ENABLE_DEBUG_INFO = YES;
				ONLY_ACTIVE_ARCH = YES;
				SDKROOT = iphoneos;
				SWIFT_ACTIVE_COMPILATION_CONDITIONS = DEBUG;
				SWIFT_OPTIMIZATION_LEVEL = "-Onone";
			};
			name = Debug;
		};
		048DCA68204C6C940041693A /* Release */ = {
			isa = XCBuildConfiguration;
			buildSettings = {
				ALWAYS_SEARCH_USER_PATHS = NO;
				CLANG_ANALYZER_NONNULL = YES;
				CLANG_ANALYZER_NUMBER_OBJECT_CONVERSION = YES_AGGRESSIVE;
				CLANG_CXX_LANGUAGE_STANDARD = "gnu++14";
				CLANG_CXX_LIBRARY = "libc++";
				CLANG_ENABLE_MODULES = YES;
				CLANG_ENABLE_OBJC_ARC = YES;
				CLANG_WARN_BLOCK_CAPTURE_AUTORELEASING = YES;
				CLANG_WARN_BOOL_CONVERSION = YES;
				CLANG_WARN_COMMA = YES;
				CLANG_WARN_CONSTANT_CONVERSION = YES;
				CLANG_WARN_DIRECT_OBJC_ISA_USAGE = YES_ERROR;
				CLANG_WARN_DOCUMENTATION_COMMENTS = YES;
				CLANG_WARN_EMPTY_BODY = YES;
				CLANG_WARN_ENUM_CONVERSION = YES;
				CLANG_WARN_INFINITE_RECURSION = YES;
				CLANG_WARN_INT_CONVERSION = YES;
				CLANG_WARN_NON_LITERAL_NULL_CONVERSION = YES;
				CLANG_WARN_OBJC_LITERAL_CONVERSION = YES;
				CLANG_WARN_OBJC_ROOT_CLASS = YES_ERROR;
				CLANG_WARN_RANGE_LOOP_ANALYSIS = YES;
				CLANG_WARN_STRICT_PROTOTYPES = YES;
				CLANG_WARN_SUSPICIOUS_MOVE = YES;
				CLANG_WARN_UNGUARDED_AVAILABILITY = YES_AGGRESSIVE;
				CLANG_WARN_UNREACHABLE_CODE = YES;
				CLANG_WARN__DUPLICATE_METHOD_MATCH = YES;
				CODE_SIGN_IDENTITY = "iPhone Developer";
				COPY_PHASE_STRIP = NO;
				DEBUG_INFORMATION_FORMAT = "dwarf-with-dsym";
				ENABLE_NS_ASSERTIONS = NO;
				ENABLE_STRICT_OBJC_MSGSEND = YES;
				GCC_C_LANGUAGE_STANDARD = gnu11;
				GCC_NO_COMMON_BLOCKS = YES;
				GCC_WARN_64_TO_32_BIT_CONVERSION = YES;
				GCC_WARN_ABOUT_RETURN_TYPE = YES_ERROR;
				GCC_WARN_UNDECLARED_SELECTOR = YES;
				GCC_WARN_UNINITIALIZED_AUTOS = YES_AGGRESSIVE;
				GCC_WARN_UNUSED_FUNCTION = YES;
				GCC_WARN_UNUSED_VARIABLE = YES;
				IPHONEOS_DEPLOYMENT_TARGET = 11.0;
				MTL_ENABLE_DEBUG_INFO = NO;
				SDKROOT = iphoneos;
				SWIFT_OPTIMIZATION_LEVEL = "-Owholemodule";
				VALIDATE_PRODUCT = YES;
			};
			name = Release;
		};
		048DCA6A204C6C940041693A /* Debug */ = {
			isa = XCBuildConfiguration;
			buildSettings = {
				ASSETCATALOG_COMPILER_APPICON_NAME = AppIcon;
				CODE_SIGN_STYLE = Automatic;
				INFOPLIST_FILE = Cassini/Info.plist;
				LD_RUNPATH_SEARCH_PATHS = "$(inherited) @executable_path/Frameworks";
				PRODUCT_BUNDLE_IDENTIFIER = com.example.Cassini;
				PRODUCT_NAME = "$(TARGET_NAME)";
				SWIFT_VERSION = 4.0;
				TARGETED_DEVICE_FAMILY = "1,2";
			};
			name = Debug;
		};
		048DCA6B204C6C940041693A /* Release */ = {
			isa = XCBuildConfiguration;
			buildSettings = {
				ASSETCATALOG_COMPILER_APPICON_NAME = AppIcon;
				CODE_SIGN_STYLE = Automatic;
				INFOPLIST_FILE = Cassini/Info.plist;
				LD_RUNPATH_SEARCH_PATHS = "$(inherited) @executable_path/Frameworks";
				PRODUCT_BUNDLE_IDENTIFIER = com.example.Cassini;
				PRODUCT_NAME = "$(TARGET_NAME)";
				SWIFT_VERSION = 4.0;
				TARGETED_DEVICE_FAMILY = "1,2";
			};
			name = Release;
		};
/* End XCBuildConfiguration section */

/* Begin XCConfigurationList section */
		048DCA52204C6C940041693A /* Build configuration list for PBXProject "Cassini" */ = {
			isa = XCConfigurationList;
			buildConfigurations = (
				048DCA67204C6C940041693A /* Debug */,
				048DCA68204C6C940041693A /* Release */,
			);
			defaultConfigurationIsVisible = 0;
			defaultConfigurationName = Release;
		};
		048DCA69204C6C940041693A /* Build configuration list for PBXNativeTarget "Cassini" */ = {
			isa = XCConfigurationList;
			buildConfigurations = (
				048DCA6A204C6C940041693A /* Debug */,
				048DCA6B204C6C940041693A /* Release */,
			);
			defaultConfigurationIsVisible = 0;
			defaultConfigurationName = Release;
		};
/* End XCConfigurationList section */
	};
	rootObject = 048DCA4F204C6C940041693A /* Project object */;
}
